
Microsoft Visual Studio Solution File, Format Version 12.00
# Visual Studio Version 16
VisualStudioVersion = 16.0.31005.135
MinimumVisualStudioVersion = 10.0.40219.1
Project("{FAE04EC0-301F-11D3-BF4B-00C04F79EFBC}") = "MvcProject", "MvcProject\MvcProject.csproj", "{96D25025-AC02-4CC5-9E5F-CC9D615AFFF2}"
EndProject
Project("{FAE04EC0-301F-11D3-BF4B-00C04F79EFBC}") = "Project.Data", "Project.Data\Project.Data.csproj", "{5AE2A5AB-C257-46FF-B260-C322F9F6DC7C}"
EndProject
Global
	GlobalSection(SolutionConfigurationPlatforms) = preSolution
		Debug|Any CPU = Debug|Any CPU
		Release|Any CPU = Release|Any CPU
	EndGlobalSection
	GlobalSection(ProjectConfigurationPlatforms) = postSolution
		{96D25025-AC02-4CC5-9E5F-CC9D615AFFF2}.Debug|Any CPU.ActiveCfg = Debug|Any CPU
		{96D25025-AC02-4CC5-9E5F-CC9D615AFFF2}.Debug|Any CPU.Build.0 = Debug|Any CPU
		{96D25025-AC02-4CC5-9E5F-CC9D615AFFF2}.Release|Any CPU.ActiveCfg = Release|Any CPU
		{96D25025-AC02-4CC5-9E5F-CC9D615AFFF2}.Release|Any CPU.Build.0 = Release|Any CPU
		{5AE2A5AB-C257-46FF-B260-C322F9F6DC7C}.Debug|Any CPU.ActiveCfg = Debug|Any CPU
		{5AE2A5AB-C257-46FF-B260-C322F9F6DC7C}.Debug|Any CPU.Build.0 = Debug|Any CPU
		{5AE2A5AB-C257-46FF-B260-C322F9F6DC7C}.Release|Any CPU.ActiveCfg = Release|Any CPU
		{5AE2A5AB-C257-46FF-B260-C322F9F6DC7C}.Release|Any CPU.Build.0 = Release|Any CPU
	EndGlobalSection
	GlobalSection(SolutionProperties) = preSolution
		HideSolutionNode = FALSE
	EndGlobalSection
	GlobalSection(ExtensibilityGlobals) = postSolution
		SolutionGuid = {EDA4D3D2-3F84-45F6-A5A9-9A903D856C0B}
	EndGlobalSection
EndGlobal
